
Microsoft Visual Studio Solution File, Format Version 12.00
# Visual Studio 15
Project("{FAE04EC0-301F-11D3-BF4B-00C04F79EFBC}") = "Assembly-CSharp", "Assembly-CSharp.csproj", "{BC7AE152-137B-6129-1575-D92BA13D8D3C}"
EndProject
Project("{FAE04EC0-301F-11D3-BF4B-00C04F79EFBC}") = "Unity.XR.Interaction.Toolkit.Samples.StarterAssets", "Unity.XR.Interaction.Toolkit.Samples.StarterAssets.csproj", "{D5458CB5-00D6-6FF8-C29C-F77C0F2D7D03}"
EndProject
Project("{FAE04EC0-301F-11D3-BF4B-00C04F79EFBC}") = "Assembly-CSharp-Editor", "Assembly-CSharp-Editor.csproj", "{586DBECD-9EA2-F5B7-7621-DE5ADAA61B9A}"
EndProject
Global
	GlobalSection(SolutionConfigurationPlatforms) = preSolution
		Debug|Any CPU = Debug|Any CPU
		Release|Any CPU = Release|Any CPU
	EndGlobalSection
	GlobalSection(ProjectConfigurationPlatforms) = postSolution
		{BC7AE152-137B-6129-1575-D92BA13D8D3C}.Debug|Any CPU.ActiveCfg = Debug|Any CPU
		{BC7AE152-137B-6129-1575-D92BA13D8D3C}.Debug|Any CPU.Build.0 = Debug|Any CPU
		{BC7AE152-137B-6129-1575-D92BA13D8D3C}.Release|Any CPU.ActiveCfg = Release|Any CPU
		{BC7AE152-137B-6129-1575-D92BA13D8D3C}.Release|Any CPU.Build.0 = Release|Any CPU
		{D5458CB5-00D6-6FF8-C29C-F77C0F2D7D03}.Debug|Any CPU.ActiveCfg = Debug|Any CPU
		{D5458CB5-00D6-6FF8-C29C-F77C0F2D7D03}.Debug|Any CPU.Build.0 = Debug|Any CPU
		{D5458CB5-00D6-6FF8-C29C-F77C0F2D7D03}.Release|Any CPU.ActiveCfg = Release|Any CPU
		{D5458CB5-00D6-6FF8-C29C-F77C0F2D7D03}.Release|Any CPU.Build.0 = Release|Any CPU
		{586DBECD-9EA2-F5B7-7621-DE5ADAA61B9A}.Debug|Any CPU.ActiveCfg = Debug|Any CPU
		{586DBECD-9EA2-F5B7-7621-DE5ADAA61B9A}.Debug|Any CPU.Build.0 = Debug|Any CPU
		{586DBECD-9EA2-F5B7-7621-DE5ADAA61B9A}.Release|Any CPU.ActiveCfg = Release|Any CPU
		{586DBECD-9EA2-F5B7-7621-DE5ADAA61B9A}.Release|Any CPU.Build.0 = Release|Any CPU
	EndGlobalSection
	GlobalSection(SolutionProperties) = preSolution
		HideSolutionNode = FALSE
	EndGlobalSection
EndGlobal
